Microsoft Visual Studio Solution File, Format Version 12.00
# Visual Studio Version 17
VisualStudioVersion = 17.5.2.0
MinimumVisualStudioVersion = 10.0.40219.1
Project("{FAE04EC0-301F-11D3-BF4B-00C04F79EFBC}") = "Confidential_Authentication", "Confidential_Authentication.csproj", "{FAF6FF88-6FF1-47DA-6EBA-9DC8E6324203}"
EndProject
Global
	GlobalSection(SolutionConfigurationPlatforms) = preSolution
		Debug|Any CPU = Debug|Any CPU
		Release|Any CPU = Release|Any CPU
	EndGlobalSection
	GlobalSection(ProjectConfigurationPlatforms) = postSolution
		{FAF6FF88-6FF1-47DA-6EBA-9DC8E6324203}.Debug|Any CPU.ActiveCfg = Debug|Any CPU
		{FAF6FF88-6FF1-47DA-6EBA-9DC8E6324203}.Debug|Any CPU.Build.0 = Debug|Any CPU
		{FAF6FF88-6FF1-47DA-6EBA-9DC8E6324203}.Release|Any CPU.ActiveCfg = Release|Any CPU
		{FAF6FF88-6FF1-47DA-6EBA-9DC8E6324203}.Release|Any CPU.Build.0 = Release|Any CPU
	EndGlobalSection
	GlobalSection(SolutionProperties) = preSolution
		HideSolutionNode = FALSE
	EndGlobalSection
	GlobalSection(ExtensibilityGlobals) = postSolution
		SolutionGuid = {6F625716-622E-40BB-A69F-75B794DAAED8}
	EndGlobalSection
EndGlobal
